
Microsoft Visual Studio Solution File, Format Version 12.00
# Visual Studio Version 17
VisualStudioVersion = 17.10.35027.167
MinimumVisualStudioVersion = 10.0.40219.1
Project("{9A19103F-16F7-4668-BE54-9A1E7A4F7556}") = "CleanArchitecturewithCQRSandmediator.API", "CleanArchitecturewithCQRSandmediator\CleanArchitecturewithCQRSandmediator.API.csproj", "{7161DBE5-D93D-488C-9B3A-1CF2317A7EE0}"
EndProject
Project("{9A19103F-16F7-4668-BE54-9A1E7A4F7556}") = "Mediator.Apllication", "Mediator.Apllication\Mediator.Apllication.csproj", "{46E97F67-6A3F-4BFB-AF8C-1DB32C9D3BDD}"
EndProject
Project("{9A19103F-16F7-4668-BE54-9A1E7A4F7556}") = "Mediator.Domain", "Mediator.Domain\Mediator.Domain.csproj", "{680C1247-0960-45B5-AEE9-20A8D86E07C9}"
EndProject
Project("{9A19103F-16F7-4668-BE54-9A1E7A4F7556}") = "Mediator.Infrastructure", "Mediator.Infrastructure\Mediator.Infrastructure.csproj", "{7A31FCEA-8AEC-4988-B7AA-F1E94F5DB35B}"
EndProject
Project("{2150E333-8FDC-42A3-9474-1A3956D46DE8}") = "Solution Items", "Solution Items", "{06391B97-A6DE-4EDF-83A6-760CECD26EF5}"
	ProjectSection(SolutionItems) = preProject
		.editorconfig = .editorconfig
	EndProjectSection
EndProject
Global
	GlobalSection(SolutionConfigurationPlatforms) = preSolution
		Debug|Any CPU = Debug|Any CPU
		Release|Any CPU = Release|Any CPU
	EndGlobalSection
	GlobalSection(ProjectConfigurationPlatforms) = postSolution
		{7161DBE5-D93D-488C-9B3A-1CF2317A7EE0}.Debug|Any CPU.ActiveCfg = Debug|Any CPU
		{7161DBE5-D93D-488C-9B3A-1CF2317A7EE0}.Debug|Any CPU.Build.0 = Debug|Any CPU
		{7161DBE5-D93D-488C-9B3A-1CF2317A7EE0}.Release|Any CPU.ActiveCfg = Release|Any CPU
		{7161DBE5-D93D-488C-9B3A-1CF2317A7EE0}.Release|Any CPU.Build.0 = Release|Any CPU
		{46E97F67-6A3F-4BFB-AF8C-1DB32C9D3BDD}.Debug|Any CPU.ActiveCfg = Debug|Any CPU
		{46E97F67-6A3F-4BFB-AF8C-1DB32C9D3BDD}.Debug|Any CPU.Build.0 = Debug|Any CPU
		{46E97F67-6A3F-4BFB-AF8C-1DB32C9D3BDD}.Release|Any CPU.ActiveCfg = Release|Any CPU
		{46E97F67-6A3F-4BFB-AF8C-1DB32C9D3BDD}.Release|Any CPU.Build.0 = Release|Any CPU
		{680C1247-0960-45B5-AEE9-20A8D86E07C9}.Debug|Any CPU.ActiveCfg = Debug|Any CPU
		{680C1247-0960-45B5-AEE9-20A8D86E07C9}.Debug|Any CPU.Build.0 = Debug|Any CPU
		{680C1247-0960-45B5-AEE9-20A8D86E07C9}.Release|Any CPU.ActiveCfg = Release|Any CPU
		{680C1247-0960-45B5-AEE9-20A8D86E07C9}.Release|Any CPU.Build.0 = Release|Any CPU
		{7A31FCEA-8AEC-4988-B7AA-F1E94F5DB35B}.Debug|Any CPU.ActiveCfg = Debug|Any CPU
		{7A31FCEA-8AEC-4988-B7AA-F1E94F5DB35B}.Debug|Any CPU.Build.0 = Debug|Any CPU
		{7A31FCEA-8AEC-4988-B7AA-F1E94F5DB35B}.Release|Any CPU.ActiveCfg = Release|Any CPU
		{7A31FCEA-8AEC-4988-B7AA-F1E94F5DB35B}.Release|Any CPU.Build.0 = Release|Any CPU
	EndGlobalSection
	GlobalSection(SolutionProperties) = preSolution
		HideSolutionNode = FALSE
	EndGlobalSection
	GlobalSection(ExtensibilityGlobals) = postSolution
		SolutionGuid = {334CEC8D-7101-4EBB-A95C-6AFB4C39DA40}
	EndGlobalSection
EndGlobal
